
Microsoft Visual Studio Solution File, Format Version 12.00
# Visual Studio Version 16
VisualStudioVersion = 16.0.28803.202
MinimumVisualStudioVersion = 10.0.40219.1
Project("{9A19103F-16F7-4668-BE54-9A1E7A4F7556}") = "Platform.Sdl2", "Platform.Sdl2\Platform.Sdl2.csproj", "{BC173184-F01D-4103-9F39-872A91CB516B}"
EndProject
Project("{9A19103F-16F7-4668-BE54-9A1E7A4F7556}") = "Game.Abstractions", "Game.Abstractions\Game.Abstractions.csproj", "{85911941-BF9D-4070-B6FA-AF0A5DE8CECB}"
EndProject
Project("{9A19103F-16F7-4668-BE54-9A1E7A4F7556}") = "ExampleGame", "ExampleGame\ExampleGame.csproj", "{E334CC23-CA5A-4D5D-9F2B-2BF362A904EA}"
EndProject
Project("{9A19103F-16F7-4668-BE54-9A1E7A4F7556}") = "Tgl.Net", "Tgl.Net\Tgl.Net.csproj", "{23CA69D0-A9DF-4DCC-9C62-B24C44276C75}"
EndProject
Project("{9A19103F-16F7-4668-BE54-9A1E7A4F7556}") = "Platform.RaspberryPi", "Platform.RaspberryPi\Platform.RaspberryPi.csproj", "{9AC76339-5E26-4AFB-B273-14C2AE00DE23}"
EndProject
Project("{9A19103F-16F7-4668-BE54-9A1E7A4F7556}") = "ECS", "ECS\ECS.csproj", "{ED7A81D8-2863-4587-BCE3-0CE9575B5A99}"
EndProject
Project("{2150E333-8FDC-42A3-9474-1A3956D46DE8}") = "Plugins", "Plugins", "{37F56CDC-94AD-408B-96DA-A61F275AD611}"
EndProject
Project("{2150E333-8FDC-42A3-9474-1A3956D46DE8}") = "Infrastructure", "Infrastructure", "{D995C3EB-BE25-4179-BE1C-CFD3EB95DC0C}"
EndProject
Project("{9A19103F-16F7-4668-BE54-9A1E7A4F7556}") = "Loader.Tmx", "Loader.Tmx\Loader.Tmx.csproj", "{F7E45039-7DA9-4CC9-BE9F-9FC43068BC5E}"
EndProject
Project("{FAE04EC0-301F-11D3-BF4B-00C04F79EFBC}") = "Loader.ImageSharp", "Loader.ImageSharp\Loader.ImageSharp.csproj", "{B90F98C1-22AD-4F69-A752-9704997A48CB}"
EndProject
Project("{FAE04EC0-301F-11D3-BF4B-00C04F79EFBC}") = "Loader.BmFont", "Loader.BmFont\Loader.BmFont.csproj", "{FEF2F65B-CB61-4BE7-86B1-14CD7D118D9D}"
EndProject
Project("{2150E333-8FDC-42A3-9474-1A3956D46DE8}") = "Loaders", "Loaders", "{F6C90B03-6DB0-4DC1-AFD6-FB482EB16FA7}"
EndProject
Project("{2150E333-8FDC-42A3-9474-1A3956D46DE8}") = "Platforms", "Platforms", "{FDB53241-A745-4C18-81D3-AA43E0FB743F}"
EndProject
Project("{2150E333-8FDC-42A3-9474-1A3956D46DE8}") = "Rendering", "Rendering", "{1960A851-DD8A-4C3B-9FAA-BD543C1493FF}"
EndProject
Project("{FAE04EC0-301F-11D3-BF4B-00C04F79EFBC}") = "Renderer.Common", "Renderer.Common\Renderer.Common.csproj", "{60DD4ED3-2C16-4D28-AE9B-2B58DF84212C}"
EndProject
Project("{FAE04EC0-301F-11D3-BF4B-00C04F79EFBC}") = "Renderer.Common2D", "Renderer.Common2D\Renderer.Common2D.csproj", "{4321AEE4-48AF-4F0C-BADD-48A2C23FB823}"
EndProject
Global
	GlobalSection(SolutionConfigurationPlatforms) = preSolution
		Debug|Any CPU = Debug|Any CPU
		Release|Any CPU = Release|Any CPU
	EndGlobalSection
	GlobalSection(ProjectConfigurationPlatforms) = postSolution
		{BC173184-F01D-4103-9F39-872A91CB516B}.Debug|Any CPU.ActiveCfg = Debug|Any CPU
		{BC173184-F01D-4103-9F39-872A91CB516B}.Debug|Any CPU.Build.0 = Debug|Any CPU
		{BC173184-F01D-4103-9F39-872A91CB516B}.Release|Any CPU.ActiveCfg = Release|Any CPU
		{BC173184-F01D-4103-9F39-872A91CB516B}.Release|Any CPU.Build.0 = Release|Any CPU
		{85911941-BF9D-4070-B6FA-AF0A5DE8CECB}.Debug|Any CPU.ActiveCfg = Debug|Any CPU
		{85911941-BF9D-4070-B6FA-AF0A5DE8CECB}.Debug|Any CPU.Build.0 = Debug|Any CPU
		{85911941-BF9D-4070-B6FA-AF0A5DE8CECB}.Release|Any CPU.ActiveCfg = Release|Any CPU
		{85911941-BF9D-4070-B6FA-AF0A5DE8CECB}.Release|Any CPU.Build.0 = Release|Any CPU
		{E334CC23-CA5A-4D5D-9F2B-2BF362A904EA}.Debug|Any CPU.ActiveCfg = Debug|Any CPU
		{E334CC23-CA5A-4D5D-9F2B-2BF362A904EA}.Debug|Any CPU.Build.0 = Debug|Any CPU
		{E334CC23-CA5A-4D5D-9F2B-2BF362A904EA}.Release|Any CPU.ActiveCfg = Release|Any CPU
		{E334CC23-CA5A-4D5D-9F2B-2BF362A904EA}.Release|Any CPU.Build.0 = Release|Any CPU
		{23CA69D0-A9DF-4DCC-9C62-B24C44276C75}.Debug|Any CPU.ActiveCfg = Debug|Any CPU
		{23CA69D0-A9DF-4DCC-9C62-B24C44276C75}.Debug|Any CPU.Build.0 = Debug|Any CPU
		{23CA69D0-A9DF-4DCC-9C62-B24C44276C75}.Release|Any CPU.ActiveCfg = Release|Any CPU
		{23CA69D0-A9DF-4DCC-9C62-B24C44276C75}.Release|Any CPU.Build.0 = Release|Any CPU
		{9AC76339-5E26-4AFB-B273-14C2AE00DE23}.Debug|Any CPU.ActiveCfg = Debug|Any CPU
		{9AC76339-5E26-4AFB-B273-14C2AE00DE23}.Debug|Any CPU.Build.0 = Debug|Any CPU
		{9AC76339-5E26-4AFB-B273-14C2AE00DE23}.Release|Any CPU.ActiveCfg = Release|Any CPU
		{9AC76339-5E26-4AFB-B273-14C2AE00DE23}.Release|Any CPU.Build.0 = Release|Any CPU
		{ED7A81D8-2863-4587-BCE3-0CE9575B5A99}.Debug|Any CPU.ActiveCfg = Debug|Any CPU
		{ED7A81D8-2863-4587-BCE3-0CE9575B5A99}.Debug|Any CPU.Build.0 = Debug|Any CPU
		{ED7A81D8-2863-4587-BCE3-0CE9575B5A99}.Release|Any CPU.ActiveCfg = Release|Any CPU
		{ED7A81D8-2863-4587-BCE3-0CE9575B5A99}.Release|Any CPU.Build.0 = Release|Any CPU
		{F7E45039-7DA9-4CC9-BE9F-9FC43068BC5E}.Debug|Any CPU.ActiveCfg = Debug|Any CPU
		{F7E45039-7DA9-4CC9-BE9F-9FC43068BC5E}.Debug|Any CPU.Build.0 = Debug|Any CPU
		{F7E45039-7DA9-4CC9-BE9F-9FC43068BC5E}.Release|Any CPU.ActiveCfg = Release|Any CPU
		{F7E45039-7DA9-4CC9-BE9F-9FC43068BC5E}.Release|Any CPU.Build.0 = Release|Any CPU
		{B90F98C1-22AD-4F69-A752-9704997A48CB}.Debug|Any CPU.ActiveCfg = Debug|Any CPU
		{B90F98C1-22AD-4F69-A752-9704997A48CB}.Debug|Any CPU.Build.0 = Debug|Any CPU
		{B90F98C1-22AD-4F69-A752-9704997A48CB}.Release|Any CPU.ActiveCfg = Release|Any CPU
		{B90F98C1-22AD-4F69-A752-9704997A48CB}.Release|Any CPU.Build.0 = Release|Any CPU
		{FEF2F65B-CB61-4BE7-86B1-14CD7D118D9D}.Debug|Any CPU.ActiveCfg = Debug|Any CPU
		{FEF2F65B-CB61-4BE7-86B1-14CD7D118D9D}.Debug|Any CPU.Build.0 = Debug|Any CPU
		{FEF2F65B-CB61-4BE7-86B1-14CD7D118D9D}.Release|Any CPU.ActiveCfg = Release|Any CPU
		{FEF2F65B-CB61-4BE7-86B1-14CD7D118D9D}.Release|Any CPU.Build.0 = Release|Any CPU
		{60DD4ED3-2C16-4D28-AE9B-2B58DF84212C}.Debug|Any CPU.ActiveCfg = Debug|Any CPU
		{60DD4ED3-2C16-4D28-AE9B-2B58DF84212C}.Debug|Any CPU.Build.0 = Debug|Any CPU
		{60DD4ED3-2C16-4D28-AE9B-2B58DF84212C}.Release|Any CPU.ActiveCfg = Release|Any CPU
		{60DD4ED3-2C16-4D28-AE9B-2B58DF84212C}.Release|Any CPU.Build.0 = Release|Any CPU
		{4321AEE4-48AF-4F0C-BADD-48A2C23FB823}.Debug|Any CPU.ActiveCfg = Debug|Any CPU
		{4321AEE4-48AF-4F0C-BADD-48A2C23FB823}.Debug|Any CPU.Build.0 = Debug|Any CPU
		{4321AEE4-48AF-4F0C-BADD-48A2C23FB823}.Release|Any CPU.ActiveCfg = Release|Any CPU
		{4321AEE4-48AF-4F0C-BADD-48A2C23FB823}.Release|Any CPU.Build.0 = Release|Any CPU
	EndGlobalSection
	GlobalSection(SolutionProperties) = preSolution
		HideSolutionNode = FALSE
	EndGlobalSection
	GlobalSection(NestedProjects) = preSolution
		{BC173184-F01D-4103-9F39-872A91CB516B} = {FDB53241-A745-4C18-81D3-AA43E0FB743F}
		{23CA69D0-A9DF-4DCC-9C62-B24C44276C75} = {D995C3EB-BE25-4179-BE1C-CFD3EB95DC0C}
		{9AC76339-5E26-4AFB-B273-14C2AE00DE23} = {FDB53241-A745-4C18-81D3-AA43E0FB743F}
		{ED7A81D8-2863-4587-BCE3-0CE9575B5A99} = {37F56CDC-94AD-408B-96DA-A61F275AD611}
		{F7E45039-7DA9-4CC9-BE9F-9FC43068BC5E} = {F6C90B03-6DB0-4DC1-AFD6-FB482EB16FA7}
		{B90F98C1-22AD-4F69-A752-9704997A48CB} = {F6C90B03-6DB0-4DC1-AFD6-FB482EB16FA7}
		{FEF2F65B-CB61-4BE7-86B1-14CD7D118D9D} = {F6C90B03-6DB0-4DC1-AFD6-FB482EB16FA7}
		{F6C90B03-6DB0-4DC1-AFD6-FB482EB16FA7} = {37F56CDC-94AD-408B-96DA-A61F275AD611}
		{FDB53241-A745-4C18-81D3-AA43E0FB743F} = {37F56CDC-94AD-408B-96DA-A61F275AD611}
		{1960A851-DD8A-4C3B-9FAA-BD543C1493FF} = {37F56CDC-94AD-408B-96DA-A61F275AD611}
		{60DD4ED3-2C16-4D28-AE9B-2B58DF84212C} = {1960A851-DD8A-4C3B-9FAA-BD543C1493FF}
		{4321AEE4-48AF-4F0C-BADD-48A2C23FB823} = {1960A851-DD8A-4C3B-9FAA-BD543C1493FF}
	EndGlobalSection
	GlobalSection(ExtensibilityGlobals) = postSolution
		SolutionGuid = {DA60A5A6-2F1C-46D5-8D6D-97C573E7F303}
	EndGlobalSection
EndGlobal
