
Microsoft Visual Studio Solution File, Format Version 12.00
# Visual Studio 15
VisualStudioVersion = 15.0.28010.2016
MinimumVisualStudioVersion = 10.0.40219.1
Project("{9A19103F-16F7-4668-BE54-9A1E7A4F7556}") = "Platform.Sdl2", "Platform.Sdl2\Platform.Sdl2.csproj", "{BC173184-F01D-4103-9F39-872A91CB516B}"
EndProject
Project("{9A19103F-16F7-4668-BE54-9A1E7A4F7556}") = "Renderer.Gles2", "Renderer.Gles2\Renderer.Gles2.csproj", "{3B0D39AE-1196-4AB3-BF1D-D763B1E6E7E3}"
EndProject
Project("{9A19103F-16F7-4668-BE54-9A1E7A4F7556}") = "Game.Abstractions", "Game.Abstractions\Game.Abstractions.csproj", "{85911941-BF9D-4070-B6FA-AF0A5DE8CECB}"
EndProject
Project("{9A19103F-16F7-4668-BE54-9A1E7A4F7556}") = "ExampleGame", "ExampleGame\ExampleGame.csproj", "{E334CC23-CA5A-4D5D-9F2B-2BF362A904EA}"
EndProject
Project("{9A19103F-16F7-4668-BE54-9A1E7A4F7556}") = "Tgl.Net", "Tgl.Net\Tgl.Net.csproj", "{23CA69D0-A9DF-4DCC-9C62-B24C44276C75}"
EndProject
Project("{FAE04EC0-301F-11D3-BF4B-00C04F79EFBC}") = "ImageSharpLoader", "ImageLoader\ImageSharpLoader.csproj", "{C3297A2D-7DF9-4FBC-AD64-36A9B9BC8539}"
EndProject
Global
	GlobalSection(SolutionConfigurationPlatforms) = preSolution
		Debug|Any CPU = Debug|Any CPU
		Release|Any CPU = Release|Any CPU
	EndGlobalSection
	GlobalSection(ProjectConfigurationPlatforms) = postSolution
		{BC173184-F01D-4103-9F39-872A91CB516B}.Debug|Any CPU.ActiveCfg = Debug|Any CPU
		{BC173184-F01D-4103-9F39-872A91CB516B}.Debug|Any CPU.Build.0 = Debug|Any CPU
		{BC173184-F01D-4103-9F39-872A91CB516B}.Release|Any CPU.ActiveCfg = Release|Any CPU
		{BC173184-F01D-4103-9F39-872A91CB516B}.Release|Any CPU.Build.0 = Release|Any CPU
		{3B0D39AE-1196-4AB3-BF1D-D763B1E6E7E3}.Debug|Any CPU.ActiveCfg = Debug|Any CPU
		{3B0D39AE-1196-4AB3-BF1D-D763B1E6E7E3}.Debug|Any CPU.Build.0 = Debug|Any CPU
		{3B0D39AE-1196-4AB3-BF1D-D763B1E6E7E3}.Release|Any CPU.ActiveCfg = Release|Any CPU
		{3B0D39AE-1196-4AB3-BF1D-D763B1E6E7E3}.Release|Any CPU.Build.0 = Release|Any CPU
		{85911941-BF9D-4070-B6FA-AF0A5DE8CECB}.Debug|Any CPU.ActiveCfg = Debug|Any CPU
		{85911941-BF9D-4070-B6FA-AF0A5DE8CECB}.Debug|Any CPU.Build.0 = Debug|Any CPU
		{85911941-BF9D-4070-B6FA-AF0A5DE8CECB}.Release|Any CPU.ActiveCfg = Release|Any CPU
		{85911941-BF9D-4070-B6FA-AF0A5DE8CECB}.Release|Any CPU.Build.0 = Release|Any CPU
		{E334CC23-CA5A-4D5D-9F2B-2BF362A904EA}.Debug|Any CPU.ActiveCfg = Debug|Any CPU
		{E334CC23-CA5A-4D5D-9F2B-2BF362A904EA}.Debug|Any CPU.Build.0 = Debug|Any CPU
		{E334CC23-CA5A-4D5D-9F2B-2BF362A904EA}.Release|Any CPU.ActiveCfg = Release|Any CPU
		{E334CC23-CA5A-4D5D-9F2B-2BF362A904EA}.Release|Any CPU.Build.0 = Release|Any CPU
		{23CA69D0-A9DF-4DCC-9C62-B24C44276C75}.Debug|Any CPU.ActiveCfg = Debug|Any CPU
		{23CA69D0-A9DF-4DCC-9C62-B24C44276C75}.Debug|Any CPU.Build.0 = Debug|Any CPU
		{23CA69D0-A9DF-4DCC-9C62-B24C44276C75}.Release|Any CPU.ActiveCfg = Release|Any CPU
		{23CA69D0-A9DF-4DCC-9C62-B24C44276C75}.Release|Any CPU.Build.0 = Release|Any CPU
		{C3297A2D-7DF9-4FBC-AD64-36A9B9BC8539}.Debug|Any CPU.ActiveCfg = Debug|Any CPU
		{C3297A2D-7DF9-4FBC-AD64-36A9B9BC8539}.Debug|Any CPU.Build.0 = Debug|Any CPU
		{C3297A2D-7DF9-4FBC-AD64-36A9B9BC8539}.Release|Any CPU.ActiveCfg = Release|Any CPU
		{C3297A2D-7DF9-4FBC-AD64-36A9B9BC8539}.Release|Any CPU.Build.0 = Release|Any CPU
	EndGlobalSection
	GlobalSection(SolutionProperties) = preSolution
		HideSolutionNode = FALSE
	EndGlobalSection
	GlobalSection(ExtensibilityGlobals) = postSolution
		SolutionGuid = {DA60A5A6-2F1C-46D5-8D6D-97C573E7F303}
	EndGlobalSection
EndGlobal
