
Microsoft Visual Studio Solution File, Format Version 12.00
# Visual Studio 15
VisualStudioVersion = 15.0.28010.2016
MinimumVisualStudioVersion = 10.0.40219.1
Project("{9A19103F-16F7-4668-BE54-9A1E7A4F7556}") = "SdlGame", "SdlGame\SdlGame.csproj", "{18353E4E-D94E-4CBE-B124-CFBC64590D36}"
EndProject
Project("{9A19103F-16F7-4668-BE54-9A1E7A4F7556}") = "SdlGame.Shared", "SdlGame.Shared\SdlGame.Shared.csproj", "{7EB93C51-68D2-44A1-88E6-267B9AED17CD}"
EndProject
Project("{9A19103F-16F7-4668-BE54-9A1E7A4F7556}") = "SdlGame.Platform.Sdl2", "SdlGame.Platform\SdlGame.Platform.Sdl2.csproj", "{BC173184-F01D-4103-9F39-872A91CB516B}"
EndProject
Project("{9A19103F-16F7-4668-BE54-9A1E7A4F7556}") = "SdlGame.Renderer.Gles2", "SdlGame.Renderer.Gles\SdlGame.Renderer.Gles2.csproj", "{3B0D39AE-1196-4AB3-BF1D-D763B1E6E7E3}"
EndProject
Project("{FAE04EC0-301F-11D3-BF4B-00C04F79EFBC}") = "OpenGlBindingsGenerator", "OpenGlBindingsGenerator\OpenGlBindingsGenerator.csproj", "{249D77D6-4014-4F95-A524-7E72769AE2AF}"
EndProject
Project("{FAE04EC0-301F-11D3-BF4B-00C04F79EFBC}") = "OpenGlBindingsTest", "OpenGlBindingsTest\OpenGlBindingsTest.csproj", "{63647434-6590-477A-8EA2-7A925B3E9776}"
EndProject
Global
	GlobalSection(SolutionConfigurationPlatforms) = preSolution
		Debug|Any CPU = Debug|Any CPU
		Release|Any CPU = Release|Any CPU
	EndGlobalSection
	GlobalSection(ProjectConfigurationPlatforms) = postSolution
		{18353E4E-D94E-4CBE-B124-CFBC64590D36}.Debug|Any CPU.ActiveCfg = Debug|Any CPU
		{18353E4E-D94E-4CBE-B124-CFBC64590D36}.Debug|Any CPU.Build.0 = Debug|Any CPU
		{18353E4E-D94E-4CBE-B124-CFBC64590D36}.Release|Any CPU.ActiveCfg = Release|Any CPU
		{18353E4E-D94E-4CBE-B124-CFBC64590D36}.Release|Any CPU.Build.0 = Release|Any CPU
		{7EB93C51-68D2-44A1-88E6-267B9AED17CD}.Debug|Any CPU.ActiveCfg = Debug|Any CPU
		{7EB93C51-68D2-44A1-88E6-267B9AED17CD}.Debug|Any CPU.Build.0 = Debug|Any CPU
		{7EB93C51-68D2-44A1-88E6-267B9AED17CD}.Release|Any CPU.ActiveCfg = Release|Any CPU
		{7EB93C51-68D2-44A1-88E6-267B9AED17CD}.Release|Any CPU.Build.0 = Release|Any CPU
		{BC173184-F01D-4103-9F39-872A91CB516B}.Debug|Any CPU.ActiveCfg = Debug|Any CPU
		{BC173184-F01D-4103-9F39-872A91CB516B}.Debug|Any CPU.Build.0 = Debug|Any CPU
		{BC173184-F01D-4103-9F39-872A91CB516B}.Release|Any CPU.ActiveCfg = Release|Any CPU
		{BC173184-F01D-4103-9F39-872A91CB516B}.Release|Any CPU.Build.0 = Release|Any CPU
		{3B0D39AE-1196-4AB3-BF1D-D763B1E6E7E3}.Debug|Any CPU.ActiveCfg = Debug|Any CPU
		{3B0D39AE-1196-4AB3-BF1D-D763B1E6E7E3}.Debug|Any CPU.Build.0 = Debug|Any CPU
		{3B0D39AE-1196-4AB3-BF1D-D763B1E6E7E3}.Release|Any CPU.ActiveCfg = Release|Any CPU
		{3B0D39AE-1196-4AB3-BF1D-D763B1E6E7E3}.Release|Any CPU.Build.0 = Release|Any CPU
		{249D77D6-4014-4F95-A524-7E72769AE2AF}.Debug|Any CPU.ActiveCfg = Debug|Any CPU
		{249D77D6-4014-4F95-A524-7E72769AE2AF}.Debug|Any CPU.Build.0 = Debug|Any CPU
		{249D77D6-4014-4F95-A524-7E72769AE2AF}.Release|Any CPU.ActiveCfg = Release|Any CPU
		{249D77D6-4014-4F95-A524-7E72769AE2AF}.Release|Any CPU.Build.0 = Release|Any CPU
		{63647434-6590-477A-8EA2-7A925B3E9776}.Debug|Any CPU.ActiveCfg = Debug|Any CPU
		{63647434-6590-477A-8EA2-7A925B3E9776}.Debug|Any CPU.Build.0 = Debug|Any CPU
		{63647434-6590-477A-8EA2-7A925B3E9776}.Release|Any CPU.ActiveCfg = Release|Any CPU
		{63647434-6590-477A-8EA2-7A925B3E9776}.Release|Any CPU.Build.0 = Release|Any CPU
	EndGlobalSection
	GlobalSection(SolutionProperties) = preSolution
		HideSolutionNode = FALSE
	EndGlobalSection
	GlobalSection(ExtensibilityGlobals) = postSolution
		SolutionGuid = {DA60A5A6-2F1C-46D5-8D6D-97C573E7F303}
	EndGlobalSection
EndGlobal
